
Microsoft Visual Studio Solution File, Format Version 12.00
# Visual Studio Version 16
VisualStudioVersion = 16.0.29318.209
MinimumVisualStudioVersion = 10.0.40219.1
Project("{FAE04EC0-301F-11D3-BF4B-00C04F79EFBC}") = "LEDController", "LEDController\LEDController.csproj", "{DD59F99D-8B17-4703-A613-31A8DC278EA0}"
EndProject
Global
	GlobalSection(SolutionConfigurationPlatforms) = preSolution
		Debug|Any CPU = Debug|Any CPU
		Release|Any CPU = Release|Any CPU
	EndGlobalSection
	GlobalSection(ProjectConfigurationPlatforms) = postSolution
		{DD59F99D-8B17-4703-A613-31A8DC278EA0}.Debug|Any CPU.ActiveCfg = Debug|Any CPU
		{DD59F99D-8B17-4703-A613-31A8DC278EA0}.Debug|Any CPU.Build.0 = Debug|Any CPU
		{DD59F99D-8B17-4703-A613-31A8DC278EA0}.Release|Any CPU.ActiveCfg = Release|Any CPU
		{DD59F99D-8B17-4703-A613-31A8DC278EA0}.Release|Any CPU.Build.0 = Release|Any CPU
	EndGlobalSection
	GlobalSection(SolutionProperties) = preSolution
		HideSolutionNode = FALSE
	EndGlobalSection
	GlobalSection(ExtensibilityGlobals) = postSolution
		SolutionGuid = {2944B8EC-CA02-4717-BFA1-405F7926DEB3}
	EndGlobalSection
EndGlobal
